
Microsoft Visual Studio Solution File, Format Version 12.00
# Visual Studio 2012
Project("{FAE04EC0-301F-11D3-BF4B-00C04F79EFBC}") = "compassModels", "compassModels\compassModels.csproj", "{2369B8F0-DDE1-4866-9BF4-F15113520AEB}"
EndProject
Global
	GlobalSection(SolutionConfigurationPlatforms) = preSolution
		Debug|Any CPU = Debug|Any CPU
		Release|Any CPU = Release|Any CPU
	EndGlobalSection
	GlobalSection(ProjectConfigurationPlatforms) = postSolution
		{2369B8F0-DDE1-4866-9BF4-F15113520AEB}.Debug|Any CPU.ActiveCfg = Debug|Any CPU
		{2369B8F0-DDE1-4866-9BF4-F15113520AEB}.Debug|Any CPU.Build.0 = Debug|Any CPU
		{2369B8F0-DDE1-4866-9BF4-F15113520AEB}.Release|Any CPU.ActiveCfg = Release|Any CPU
		{2369B8F0-DDE1-4866-9BF4-F15113520AEB}.Release|Any CPU.Build.0 = Release|Any CPU
	EndGlobalSection
	GlobalSection(SolutionProperties) = preSolution
		HideSolutionNode = FALSE
	EndGlobalSection
EndGlobal
